
Microsoft Visual Studio Solution File, Format Version 12.00
# Visual Studio 15
VisualStudioVersion = 15.0.27703.2042
MinimumVisualStudioVersion = 10.0.40219.1
Project("{FAE04EC0-301F-11D3-BF4B-00C04F79EFBC}") = "VF.SXC.Ethereum", "SXC.Ethereum\VF.SXC.Ethereum.csproj", "{F67F6284-BC62-40E5-B21A-990409D07764}"
EndProject
Global
	GlobalSection(SolutionConfigurationPlatforms) = preSolution
		Debug|Any CPU = Debug|Any CPU
		Release|Any CPU = Release|Any CPU
	EndGlobalSection
	GlobalSection(ProjectConfigurationPlatforms) = postSolution
		{F67F6284-BC62-40E5-B21A-990409D07764}.Debug|Any CPU.ActiveCfg = Debug|Any CPU
		{F67F6284-BC62-40E5-B21A-990409D07764}.Debug|Any CPU.Build.0 = Debug|Any CPU
		{F67F6284-BC62-40E5-B21A-990409D07764}.Release|Any CPU.ActiveCfg = Release|Any CPU
		{F67F6284-BC62-40E5-B21A-990409D07764}.Release|Any CPU.Build.0 = Release|Any CPU
	EndGlobalSection
	GlobalSection(SolutionProperties) = preSolution
		HideSolutionNode = FALSE
	EndGlobalSection
	GlobalSection(ExtensibilityGlobals) = postSolution
		SolutionGuid = {34420D63-536D-419A-857D-BD52808C1D18}
	EndGlobalSection
EndGlobal
